
Microsoft Visual Studio Solution File, Format Version 12.00
# Visual Studio Version 17
VisualStudioVersion = 17.5.33424.131
MinimumVisualStudioVersion = 10.0.40219.1
Project("{FAE04EC0-301F-11D3-BF4B-00C04F79EFBC}") = "CalculoHoras", "CalculoHoras\CalculoHoras.csproj", "{78396E4C-08E0-4587-A2D6-3AE75D4C15F9}"
EndProject
Global
	GlobalSection(SolutionConfigurationPlatforms) = preSolution
		Debug|Any CPU = Debug|Any CPU
		Release|Any CPU = Release|Any CPU
	EndGlobalSection
	GlobalSection(ProjectConfigurationPlatforms) = postSolution
		{78396E4C-08E0-4587-A2D6-3AE75D4C15F9}.Debug|Any CPU.ActiveCfg = Debug|Any CPU
		{78396E4C-08E0-4587-A2D6-3AE75D4C15F9}.Debug|Any CPU.Build.0 = Debug|Any CPU
		{78396E4C-08E0-4587-A2D6-3AE75D4C15F9}.Release|Any CPU.ActiveCfg = Release|Any CPU
		{78396E4C-08E0-4587-A2D6-3AE75D4C15F9}.Release|Any CPU.Build.0 = Release|Any CPU
	EndGlobalSection
	GlobalSection(SolutionProperties) = preSolution
		HideSolutionNode = FALSE
	EndGlobalSection
	GlobalSection(ExtensibilityGlobals) = postSolution
		SolutionGuid = {9C8E44F3-E5D7-4906-B395-BCEF343836A9}
	EndGlobalSection
EndGlobal
